
Microsoft Visual Studio Solution File, Format Version 12.00
# Visual Studio Version 16
VisualStudioVersion = 16.0.30503.244
MinimumVisualStudioVersion = 10.0.40219.1
Project("{FAE04EC0-301F-11D3-BF4B-00C04F79EFBC}") = "UmbracoUI2", "UmbracoUI2\UmbracoUI2.csproj", "{8A0DF517-F258-4DB5-9AF2-BA21F3391A0A}"
EndProject
Global
	GlobalSection(SolutionConfigurationPlatforms) = preSolution
		Debug|Any CPU = Debug|Any CPU
		Release|Any CPU = Release|Any CPU
	EndGlobalSection
	GlobalSection(ProjectConfigurationPlatforms) = postSolution
		{8A0DF517-F258-4DB5-9AF2-BA21F3391A0A}.Debug|Any CPU.ActiveCfg = Debug|Any CPU
		{8A0DF517-F258-4DB5-9AF2-BA21F3391A0A}.Debug|Any CPU.Build.0 = Debug|Any CPU
		{8A0DF517-F258-4DB5-9AF2-BA21F3391A0A}.Release|Any CPU.ActiveCfg = Release|Any CPU
		{8A0DF517-F258-4DB5-9AF2-BA21F3391A0A}.Release|Any CPU.Build.0 = Release|Any CPU
	EndGlobalSection
	GlobalSection(SolutionProperties) = preSolution
		HideSolutionNode = FALSE
	EndGlobalSection
	GlobalSection(ExtensibilityGlobals) = postSolution
		SolutionGuid = {A31CAC7B-0096-401E-8A1B-B1C6C134BDB2}
	EndGlobalSection
EndGlobal
